// !$*UTF8*$!
{
	archiveVersion = 1;
	classes = {
	};
	objectVersion = 50;
	objects = {

/* Begin PBXBuildFile section */
		8489F78422E0FBC700F2954D /* LightNode.swift in Sources */ = {isa = PBXBuildFile; fileRef = 8489F78322E0FBC700F2954D /* LightNode.swift */; };
		8489F78622E0FBD300F2954D /* ConsumableNode.swift in Sources */ = {isa = PBXBuildFile; fileRef = 8489F78522E0FBD300F2954D /* ConsumableNode.swift */; };
		84DAEB3022C6B2CB006450DF /* AppDelegate.swift in Sources */ = {isa = PBXBuildFile; fileRef = 84DAEB2F22C6B2CB006450DF /* AppDelegate.swift */; };
		84DAEB3222C6B2CB006450DF /* GameScene.sks in Resources */ = {isa = PBXBuildFile; fileRef = 84DAEB3122C6B2CB006450DF /* GameScene.sks */; };
		84DAEB3422C6B2CB006450DF /* Actions.sks in Resources */ = {isa = PBXBuildFile; fileRef = 84DAEB3322C6B2CB006450DF /* Actions.sks */; };
		84DAEB3622C6B2CB006450DF /* GameScene.swift in Sources */ = {isa = PBXBuildFile; fileRef = 84DAEB3522C6B2CB006450DF /* GameScene.swift */; };
		84DAEB3822C6B2CB006450DF /* GameViewController.swift in Sources */ = {isa = PBXBuildFile; fileRef = 84DAEB3722C6B2CB006450DF /* GameViewController.swift */; };
		84DAEB3B22C6B2CB006450DF /* Main.storyboard in Resources */ = {isa = PBXBuildFile; fileRef = 84DAEB3922C6B2CB006450DF /* Main.storyboard */; };
		84DAEB3D22C6B2D1006450DF /* Assets.xcassets in Resources */ = {isa = PBXBuildFile; fileRef = 84DAEB3C22C6B2D1006450DF /* Assets.xcassets */; };
		84DAEB4022C6B2D1006450DF /* LaunchScreen.storyboard in Resources */ = {isa = PBXBuildFile; fileRef = 84DAEB3E22C6B2D1006450DF /* LaunchScreen.storyboard */; };
		84DAEB4B22C6B2D1006450DF /* Test_gameTests.swift in Sources */ = {isa = PBXBuildFile; fileRef = 84DAEB4A22C6B2D1006450DF /* Test_gameTests.swift */; };
		84DAEB5622C6B2D1006450DF /* Test_gameUITests.swift in Sources */ = {isa = PBXBuildFile; fileRef = 84DAEB5522C6B2D1006450DF /* Test_gameUITests.swift */; };
		84E3771B22DFA38C0070DE44 /* SnowParticles.sks in Resources */ = {isa = PBXBuildFile; fileRef = 84E3771A22DFA38C0070DE44 /* SnowParticles.sks */; };
		84E3771D22DFA3C70070DE44 /* FirefliesParticles.sks in Resources */ = {isa = PBXBuildFile; fileRef = 84E3771C22DFA3C70070DE44 /* FirefliesParticles.sks */; };
		84E3771F22DFA3E70070DE44 /* FireParticles.sks in Resources */ = {isa = PBXBuildFile; fileRef = 84E3771E22DFA3E70070DE44 /* FireParticles.sks */; };
		84E8781422DE61AF0091E2D5 /* Shield.atlas in Resources */ = {isa = PBXBuildFile; fileRef = 84E8781322DE61AF0091E2D5 /* Shield.atlas */; };
/* End PBXBuildFile section */

/* Begin PBXContainerItemProxy section */
		84DAEB4722C6B2D1006450DF /* PBXContainerItemProxy */ = {
			isa = PBXContainerItemProxy;
			containerPortal = 84DAEB2422C6B2CB006450DF /* Project object */;
			proxyType = 1;
			remoteGlobalIDString = 84DAEB2B22C6B2CB006450DF;
			remoteInfo = "Test game";
		};
		84DAEB5222C6B2D1006450DF /* PBXContainerItemProxy */ = {
			isa = PBXContainerItemProxy;
			containerPortal = 84DAEB2422C6B2CB006450DF /* Project object */;
			proxyType = 1;
			remoteGlobalIDString = 84DAEB2B22C6B2CB006450DF;
			remoteInfo = "Test game";
		};
/* End PBXContainerItemProxy section */

/* Begin PBXFileReference section */
		8489F78322E0FBC700F2954D /* LightNode.swift */ = {isa = PBXFileReference; lastKnownFileType = sourcecode.swift; path = LightNode.swift; sourceTree = "<group>"; };
		8489F78522E0FBD300F2954D /* ConsumableNode.swift */ = {isa = PBXFileReference; lastKnownFileType = sourcecode.swift; path = ConsumableNode.swift; sourceTree = "<group>"; };
		84DAEB2C22C6B2CB006450DF /* Test game.app */ = {isa = PBXFileReference; explicitFileType = wrapper.application; includeInIndex = 0; path = "Test game.app"; sourceTree = BUILT_PRODUCTS_DIR; };
		84DAEB2F22C6B2CB006450DF /* AppDelegate.swift */ = {isa = PBXFileReference; lastKnownFileType = sourcecode.swift; path = AppDelegate.swift; sourceTree = "<group>"; };
		84DAEB3122C6B2CB006450DF /* GameScene.sks */ = {isa = PBXFileReference; lastKnownFileType = file.sks; path = GameScene.sks; sourceTree = "<group>"; };
		84DAEB3322C6B2CB006450DF /* Actions.sks */ = {isa = PBXFileReference; lastKnownFileType = file.sks; path = Actions.sks; sourceTree = "<group>"; };
		84DAEB3522C6B2CB006450DF /* GameScene.swift */ = {isa = PBXFileReference; lastKnownFileType = sourcecode.swift; path = GameScene.swift; sourceTree = "<group>"; };
		84DAEB3722C6B2CB006450DF /* GameViewController.swift */ = {isa = PBXFileReference; lastKnownFileType = sourcecode.swift; path = GameViewController.swift; sourceTree = "<group>"; };
		84DAEB3A22C6B2CB006450DF /* Base */ = {isa = PBXFileReference; lastKnownFileType = file.storyboard; name = Base; path = Base.lproj/Main.storyboard; sourceTree = "<group>"; };
		84DAEB3C22C6B2D1006450DF /* Assets.xcassets */ = {isa = PBXFileReference; lastKnownFileType = folder.assetcatalog; path = Assets.xcassets; sourceTree = "<group>"; };
		84DAEB3F22C6B2D1006450DF /* Base */ = {isa = PBXFileReference; lastKnownFileType = file.storyboard; name = Base; path = Base.lproj/LaunchScreen.storyboard; sourceTree = "<group>"; };
		84DAEB4122C6B2D1006450DF /* Info.plist */ = {isa = PBXFileReference; lastKnownFileType = text.plist.xml; path = Info.plist; sourceTree = "<group>"; };
		84DAEB4622C6B2D1006450DF /* Test gameTests.xctest */ = {isa = PBXFileReference; explicitFileType = wrapper.cfbundle; includeInIndex = 0; path = "Test gameTests.xctest"; sourceTree = BUILT_PRODUCTS_DIR; };
		84DAEB4A22C6B2D1006450DF /* Test_gameTests.swift */ = {isa = PBXFileReference; lastKnownFileType = sourcecode.swift; path = Test_gameTests.swift; sourceTree = "<group>"; };
		84DAEB4C22C6B2D1006450DF /* Info.plist */ = {isa = PBXFileReference; lastKnownFileType = text.plist.xml; path = Info.plist; sourceTree = "<group>"; };
		84DAEB5122C6B2D1006450DF /* Test gameUITests.xctest */ = {isa = PBXFileReference; explicitFileType = wrapper.cfbundle; includeInIndex = 0; path = "Test gameUITests.xctest"; sourceTree = BUILT_PRODUCTS_DIR; };
		84DAEB5522C6B2D1006450DF /* Test_gameUITests.swift */ = {isa = PBXFileReference; lastKnownFileType = sourcecode.swift; path = Test_gameUITests.swift; sourceTree = "<group>"; };
		84DAEB5722C6B2D1006450DF /* Info.plist */ = {isa = PBXFileReference; lastKnownFileType = text.plist.xml; path = Info.plist; sourceTree = "<group>"; };
		84E3771A22DFA38C0070DE44 /* SnowParticles.sks */ = {isa = PBXFileReference; lastKnownFileType = file.sks; path = SnowParticles.sks; sourceTree = "<group>"; };
		84E3771C22DFA3C70070DE44 /* FirefliesParticles.sks */ = {isa = PBXFileReference; lastKnownFileType = file.sks; path = FirefliesParticles.sks; sourceTree = "<group>"; };
		84E3771E22DFA3E70070DE44 /* FireParticles.sks */ = {isa = PBXFileReference; lastKnownFileType = file.sks; path = FireParticles.sks; sourceTree = "<group>"; };
		84E8781322DE61AF0091E2D5 /* Shield.atlas */ = {isa = PBXFileReference; lastKnownFileType = folder.skatlas; path = Shield.atlas; sourceTree = "<group>"; };
/* End PBXFileReference section */

/* Begin PBXFrameworksBuildPhase section */
		84DAEB2922C6B2CB006450DF /* Frameworks */ = {
			isa = PBXFrameworksBuildPhase;
			buildActionMask = 2147483647;
			files = (
			);
			runOnlyForDeploymentPostprocessing = 0;
		};
		84DAEB4322C6B2D1006450DF /* Frameworks */ = {
			isa = PBXFrameworksBuildPhase;
			buildActionMask = 2147483647;
			files = (
			);
			runOnlyForDeploymentPostprocessing = 0;
		};
		84DAEB4E22C6B2D1006450DF /* Frameworks */ = {
			isa = PBXFrameworksBuildPhase;
			buildActionMask = 2147483647;
			files = (
			);
			runOnlyForDeploymentPostprocessing = 0;
		};
/* End PBXFrameworksBuildPhase section */

/* Begin PBXGroup section */
		8489F78222E0FBA800F2954D /* Nodes */ = {
			isa = PBXGroup;
			children = (
				8489F78522E0FBD300F2954D /* ConsumableNode.swift */,
				8489F78322E0FBC700F2954D /* LightNode.swift */,
			);
			path = Nodes;
			sourceTree = "<group>";
		};
		84DAEB2322C6B2CB006450DF = {
			isa = PBXGroup;
			children = (
				84DAEB2E22C6B2CB006450DF /* Test game */,
				84DAEB4922C6B2D1006450DF /* Test gameTests */,
				84DAEB5422C6B2D1006450DF /* Test gameUITests */,
				84DAEB2D22C6B2CB006450DF /* Products */,
			);
			sourceTree = "<group>";
		};
		84DAEB2D22C6B2CB006450DF /* Products */ = {
			isa = PBXGroup;
			children = (
				84DAEB2C22C6B2CB006450DF /* Test game.app */,
				84DAEB4622C6B2D1006450DF /* Test gameTests.xctest */,
				84DAEB5122C6B2D1006450DF /* Test gameUITests.xctest */,
			);
			name = Products;
			sourceTree = "<group>";
		};
		84DAEB2E22C6B2CB006450DF /* Test game */ = {
			isa = PBXGroup;
			children = (
				8489F78222E0FBA800F2954D /* Nodes */,
				84E877F722DE5B230091E2D5 /* Atlasses */,
				84DAEB3322C6B2CB006450DF /* Actions.sks */,
				84DAEB2F22C6B2CB006450DF /* AppDelegate.swift */,
				84DAEB3C22C6B2D1006450DF /* Assets.xcassets */,
				84DAEB3122C6B2CB006450DF /* GameScene.sks */,
				84DAEB3522C6B2CB006450DF /* GameScene.swift */,
				84DAEB3722C6B2CB006450DF /* GameViewController.swift */,
				84DAEB4122C6B2D1006450DF /* Info.plist */,
				84DAEB3E22C6B2D1006450DF /* LaunchScreen.storyboard */,
				84DAEB3922C6B2CB006450DF /* Main.storyboard */,
				84E3771A22DFA38C0070DE44 /* SnowParticles.sks */,
				84E3771C22DFA3C70070DE44 /* FirefliesParticles.sks */,
				84E3771E22DFA3E70070DE44 /* FireParticles.sks */,
			);
			path = "Test game";
			sourceTree = "<group>";
		};
		84DAEB4922C6B2D1006450DF /* Test gameTests */ = {
			isa = PBXGroup;
			children = (
				84DAEB4A22C6B2D1006450DF /* Test_gameTests.swift */,
				84DAEB4C22C6B2D1006450DF /* Info.plist */,
			);
			path = "Test gameTests";
			sourceTree = "<group>";
		};
		84DAEB5422C6B2D1006450DF /* Test gameUITests */ = {
			isa = PBXGroup;
			children = (
				84DAEB5522C6B2D1006450DF /* Test_gameUITests.swift */,
				84DAEB5722C6B2D1006450DF /* Info.plist */,
			);
			path = "Test gameUITests";
			sourceTree = "<group>";
		};
		84E877F722DE5B230091E2D5 /* Atlasses */ = {
			isa = PBXGroup;
			children = (
				84E8781322DE61AF0091E2D5 /* Shield.atlas */,
			);
			path = Atlasses;
			sourceTree = "<group>";
		};
/* End PBXGroup section */

/* Begin PBXNativeTarget section */
		84DAEB2B22C6B2CB006450DF /* Test game */ = {
			isa = PBXNativeTarget;
			buildConfigurationList = 84DAEB5A22C6B2D1006450DF /* Build configuration list for PBXNativeTarget "Test game" */;
			buildPhases = (
				84DAEB2822C6B2CB006450DF /* Sources */,
				84DAEB2922C6B2CB006450DF /* Frameworks */,
				84DAEB2A22C6B2CB006450DF /* Resources */,
			);
			buildRules = (
			);
			dependencies = (
			);
			name = "Test game";
			productName = "Test game";
			productReference = 84DAEB2C22C6B2CB006450DF /* Test game.app */;
			productType = "com.apple.product-type.application";
		};
		84DAEB4522C6B2D1006450DF /* Test gameTests */ = {
			isa = PBXNativeTarget;
			buildConfigurationList = 84DAEB5D22C6B2D1006450DF /* Build configuration list for PBXNativeTarget "Test gameTests" */;
			buildPhases = (
				84DAEB4222C6B2D1006450DF /* Sources */,
				84DAEB4322C6B2D1006450DF /* Frameworks */,
				84DAEB4422C6B2D1006450DF /* Resources */,
			);
			buildRules = (
			);
			dependencies = (
				84DAEB4822C6B2D1006450DF /* PBXTargetDependency */,
			);
			name = "Test gameTests";
			productName = "Test gameTests";
			productReference = 84DAEB4622C6B2D1006450DF /* Test gameTests.xctest */;
			productType = "com.apple.product-type.bundle.unit-test";
		};
		84DAEB5022C6B2D1006450DF /* Test gameUITests */ = {
			isa = PBXNativeTarget;
			buildConfigurationList = 84DAEB6022C6B2D1006450DF /* Build configuration list for PBXNativeTarget "Test gameUITests" */;
			buildPhases = (
				84DAEB4D22C6B2D1006450DF /* Sources */,
				84DAEB4E22C6B2D1006450DF /* Frameworks */,
				84DAEB4F22C6B2D1006450DF /* Resources */,
			);
			buildRules = (
			);
			dependencies = (
				84DAEB5322C6B2D1006450DF /* PBXTargetDependency */,
			);
			name = "Test gameUITests";
			productName = "Test gameUITests";
			productReference = 84DAEB5122C6B2D1006450DF /* Test gameUITests.xctest */;
			productType = "com.apple.product-type.bundle.ui-testing";
		};
/* End PBXNativeTarget section */

/* Begin PBXProject section */
		84DAEB2422C6B2CB006450DF /* Project object */ = {
			isa = PBXProject;
			attributes = {
				LastSwiftUpdateCheck = 1100;
				LastUpgradeCheck = 1100;
				ORGANIZATIONNAME = "Adnan Zahid";
				TargetAttributes = {
					84DAEB2B22C6B2CB006450DF = {
						CreatedOnToolsVersion = 11.0;
					};
					84DAEB4522C6B2D1006450DF = {
						CreatedOnToolsVersion = 11.0;
						TestTargetID = 84DAEB2B22C6B2CB006450DF;
					};
					84DAEB5022C6B2D1006450DF = {
						CreatedOnToolsVersion = 11.0;
						TestTargetID = 84DAEB2B22C6B2CB006450DF;
					};
				};
			};
			buildConfigurationList = 84DAEB2722C6B2CB006450DF /* Build configuration list for PBXProject "Test game" */;
			compatibilityVersion = "Xcode 9.3";
			developmentRegion = en;
			hasScannedForEncodings = 0;
			knownRegions = (
				en,
				Base,
			);
			mainGroup = 84DAEB2322C6B2CB006450DF;
			productRefGroup = 84DAEB2D22C6B2CB006450DF /* Products */;
			projectDirPath = "";
			projectRoot = "";
			targets = (
				84DAEB2B22C6B2CB006450DF /* Test game */,
				84DAEB4522C6B2D1006450DF /* Test gameTests */,
				84DAEB5022C6B2D1006450DF /* Test gameUITests */,
			);
		};
/* End PBXProject section */

/* Begin PBXResourcesBuildPhase section */
		84DAEB2A22C6B2CB006450DF /* Resources */ = {
			isa = PBXResourcesBuildPhase;
			buildActionMask = 2147483647;
			files = (
				84E3771F22DFA3E70070DE44 /* FireParticles.sks in Resources */,
				84DAEB3B22C6B2CB006450DF /* Main.storyboard in Resources */,
				84DAEB3222C6B2CB006450DF /* GameScene.sks in Resources */,
				84DAEB3D22C6B2D1006450DF /* Assets.xcassets in Resources */,
				84E3771B22DFA38C0070DE44 /* SnowParticles.sks in Resources */,
				84DAEB4022C6B2D1006450DF /* LaunchScreen.storyboard in Resources */,
				84E3771D22DFA3C70070DE44 /* FirefliesParticles.sks in Resources */,
				84E8781422DE61AF0091E2D5 /* Shield.atlas in Resources */,
				84DAEB3422C6B2CB006450DF /* Actions.sks in Resources */,
			);
			runOnlyForDeploymentPostprocessing = 0;
		};
		84DAEB4422C6B2D1006450DF /* Resources */ = {
			isa = PBXResourcesBuildPhase;
			buildActionMask = 2147483647;
			files = (
			);
			runOnlyForDeploymentPostprocessing = 0;
		};
		84DAEB4F22C6B2D1006450DF /* Resources */ = {
			isa = PBXResourcesBuildPhase;
			buildActionMask = 2147483647;
			files = (
			);
			runOnlyForDeploymentPostprocessing = 0;
		};
/* End PBXResourcesBuildPhase section */

/* Begin PBXSourcesBuildPhase section */
		84DAEB2822C6B2CB006450DF /* Sources */ = {
			isa = PBXSourcesBuildPhase;
			buildActionMask = 2147483647;
			files = (
				8489F78422E0FBC700F2954D /* LightNode.swift in Sources */,
				8489F78622E0FBD300F2954D /* ConsumableNode.swift in Sources */,
				84DAEB3622C6B2CB006450DF /* GameScene.swift in Sources */,
				84DAEB3822C6B2CB006450DF /* GameViewController.swift in Sources */,
				84DAEB3022C6B2CB006450DF /* AppDelegate.swift in Sources */,
			);
			runOnlyForDeploymentPostprocessing = 0;
		};
		84DAEB4222C6B2D1006450DF /* Sources */ = {
			isa = PBXSourcesBuildPhase;
			buildActionMask = 2147483647;
			files = (
				84DAEB4B22C6B2D1006450DF /* Test_gameTests.swift in Sources */,
			);
			runOnlyForDeploymentPostprocessing = 0;
		};
		84DAEB4D22C6B2D1006450DF /* Sources */ = {
			isa = PBXSourcesBuildPhase;
			buildActionMask = 2147483647;
			files = (
				84DAEB5622C6B2D1006450DF /* Test_gameUITests.swift in Sources */,
			);
			runOnlyForDeploymentPostprocessing = 0;
		};
/* End PBXSourcesBuildPhase section */

/* Begin PBXTargetDependency section */
		84DAEB4822C6B2D1006450DF /* PBXTargetDependency */ = {
			isa = PBXTargetDependency;
			target = 84DAEB2B22C6B2CB006450DF /* Test game */;
			targetProxy = 84DAEB4722C6B2D1006450DF /* PBXContainerItemProxy */;
		};
		84DAEB5322C6B2D1006450DF /* PBXTargetDependency */ = {
			isa = PBXTargetDependency;
			target = 84DAEB2B22C6B2CB006450DF /* Test game */;
			targetProxy = 84DAEB5222C6B2D1006450DF /* PBXContainerItemProxy */;
		};
/* End PBXTargetDependency section */

/* Begin PBXVariantGroup section */
		84DAEB3922C6B2CB006450DF /* Main.storyboard */ = {
			isa = PBXVariantGroup;
			children = (
				84DAEB3A22C6B2CB006450DF /* Base */,
			);
			name = Main.storyboard;
			sourceTree = "<group>";
		};
		84DAEB3E22C6B2D1006450DF /* LaunchScreen.storyboard */ = {
			isa = PBXVariantGroup;
			children = (
				84DAEB3F22C6B2D1006450DF /* Base */,
			);
			name = LaunchScreen.storyboard;
			sourceTree = "<group>";
		};
/* End PBXVariantGroup section */

/* Begin XCBuildConfiguration section */
		84DAEB5822C6B2D1006450DF /* Debug */ = {
			isa = XCBuildConfiguration;
			buildSettings = {
				ALWAYS_SEARCH_USER_PATHS = NO;
				CLANG_ANALYZER_NONNULL = YES;
				CLANG_ANALYZER_NUMBER_OBJECT_CONVERSION = YES_AGGRESSIVE;
				CLANG_CXX_LANGUAGE_STANDARD = "gnu++14";
				CLANG_CXX_LIBRARY = "libc++";
				CLANG_ENABLE_MODULES = YES;
				CLANG_ENABLE_OBJC_ARC = YES;
				CLANG_ENABLE_OBJC_WEAK = YES;
				CLANG_WARN_BLOCK_CAPTURE_AUTORELEASING = YES;
				CLANG_WARN_BOOL_CONVERSION = YES;
				CLANG_WARN_COMMA = YES;
				CLANG_WARN_CONSTANT_CONVERSION = YES;
				CLANG_WARN_DEPRECATED_OBJC_IMPLEMENTATIONS = YES;
				CLANG_WARN_DIRECT_OBJC_ISA_USAGE = YES_ERROR;
				CLANG_WARN_DOCUMENTATION_COMMENTS = YES;
				CLANG_WARN_EMPTY_BODY = YES;
				CLANG_WARN_ENUM_CONVERSION = YES;
				CLANG_WARN_INFINITE_RECURSION = YES;
				CLANG_WARN_INT_CONVERSION = YES;
				CLANG_WARN_NON_LITERAL_NULL_CONVERSION = YES;
				CLANG_WARN_OBJC_IMPLICIT_RETAIN_SELF = YES;
				CLANG_WARN_OBJC_LITERAL_CONVERSION = YES;
				CLANG_WARN_OBJC_ROOT_CLASS = YES_ERROR;
				CLANG_WARN_RANGE_LOOP_ANALYSIS = YES;
				CLANG_WARN_STRICT_PROTOTYPES = YES;
				CLANG_WARN_SUSPICIOUS_MOVE = YES;
				CLANG_WARN_UNGUARDED_AVAILABILITY = YES_AGGRESSIVE;
				CLANG_WARN_UNREACHABLE_CODE = YES;
				CLANG_WARN__DUPLICATE_METHOD_MATCH = YES;
				COPY_PHASE_STRIP = NO;
				DEBUG_INFORMATION_FORMAT = dwarf;
				ENABLE_STRICT_OBJC_MSGSEND = YES;
				ENABLE_TESTABILITY = YES;
				GCC_C_LANGUAGE_STANDARD = gnu11;
				GCC_DYNAMIC_NO_PIC = NO;
				GCC_NO_COMMON_BLOCKS = YES;
				GCC_OPTIMIZATION_LEVEL = 0;
				GCC_PREPROCESSOR_DEFINITIONS = (
					"DEBUG=1",
					"$(inherited)",
				);
				GCC_WARN_64_TO_32_BIT_CONVERSION = YES;
				GCC_WARN_ABOUT_RETURN_TYPE = YES_ERROR;
				GCC_WARN_UNDECLARED_SELECTOR = YES;
				GCC_WARN_UNINITIALIZED_AUTOS = YES_AGGRESSIVE;
				GCC_WARN_UNUSED_FUNCTION = YES;
				GCC_WARN_UNUSED_VARIABLE = YES;
				IPHONEOS_DEPLOYMENT_TARGET = 13.0;
				MTL_ENABLE_DEBUG_INFO = INCLUDE_SOURCE;
				MTL_FAST_MATH = YES;
				ONLY_ACTIVE_ARCH = YES;
				SDKROOT = iphoneos;
				SWIFT_ACTIVE_COMPILATION_CONDITIONS = DEBUG;
				SWIFT_OPTIMIZATION_LEVEL = "-Onone";
			};
			name = Debug;
		};
		84DAEB5922C6B2D1006450DF /* Release */ = {
			isa = XCBuildConfiguration;
			buildSettings = {
				ALWAYS_SEARCH_USER_PATHS = NO;
				CLANG_ANALYZER_NONNULL = YES;
				CLANG_ANALYZER_NUMBER_OBJECT_CONVERSION = YES_AGGRESSIVE;
				CLANG_CXX_LANGUAGE_STANDARD = "gnu++14";
				CLANG_CXX_LIBRARY = "libc++";
				CLANG_ENABLE_MODULES = YES;
				CLANG_ENABLE_OBJC_ARC = YES;
				CLANG_ENABLE_OBJC_WEAK = YES;
				CLANG_WARN_BLOCK_CAPTURE_AUTORELEASING = YES;
				CLANG_WARN_BOOL_CONVERSION = YES;
				CLANG_WARN_COMMA = YES;
				CLANG_WARN_CONSTANT_CONVERSION = YES;
				CLANG_WARN_DEPRECATED_OBJC_IMPLEMENTATIONS = YES;
				CLANG_WARN_DIRECT_OBJC_ISA_USAGE = YES_ERROR;
				CLANG_WARN_DOCUMENTATION_COMMENTS = YES;
				CLANG_WARN_EMPTY_BODY = YES;
				CLANG_WARN_ENUM_CONVERSION = YES;
				CLANG_WARN_INFINITE_RECURSION = YES;
				CLANG_WARN_INT_CONVERSION = YES;
				CLANG_WARN_NON_LITERAL_NULL_CONVERSION = YES;
				CLANG_WARN_OBJC_IMPLICIT_RETAIN_SELF = YES;
				CLANG_WARN_OBJC_LITERAL_CONVERSION = YES;
				CLANG_WARN_OBJC_ROOT_CLASS = YES_ERROR;
				CLANG_WARN_RANGE_LOOP_ANALYSIS = YES;
				CLANG_WARN_STRICT_PROTOTYPES = YES;
				CLANG_WARN_SUSPICIOUS_MOVE = YES;
				CLANG_WARN_UNGUARDED_AVAILABILITY = YES_AGGRESSIVE;
				CLANG_WARN_UNREACHABLE_CODE = YES;
				CLANG_WARN__DUPLICATE_METHOD_MATCH = YES;
				COPY_PHASE_STRIP = NO;
				DEBUG_INFORMATION_FORMAT = "dwarf-with-dsym";
				ENABLE_NS_ASSERTIONS = NO;
				ENABLE_STRICT_OBJC_MSGSEND = YES;
				GCC_C_LANGUAGE_STANDARD = gnu11;
				GCC_NO_COMMON_BLOCKS = YES;
				GCC_WARN_64_TO_32_BIT_CONVERSION = YES;
				GCC_WARN_ABOUT_RETURN_TYPE = YES_ERROR;
				GCC_WARN_UNDECLARED_SELECTOR = YES;
				GCC_WARN_UNINITIALIZED_AUTOS = YES_AGGRESSIVE;
				GCC_WARN_UNUSED_FUNCTION = YES;
				GCC_WARN_UNUSED_VARIABLE = YES;
				IPHONEOS_DEPLOYMENT_TARGET = 13.0;
				MTL_ENABLE_DEBUG_INFO = NO;
				MTL_FAST_MATH = YES;
				SDKROOT = iphoneos;
				SWIFT_COMPILATION_MODE = wholemodule;
				SWIFT_OPTIMIZATION_LEVEL = "-O";
				VALIDATE_PRODUCT = YES;
			};
			name = Release;
		};
		84DAEB5B22C6B2D1006450DF /* Debug */ = {
			isa = XCBuildConfiguration;
			buildSettings = {
				ASSETCATALOG_COMPILER_APPICON_NAME = AppIcon;
				CODE_SIGN_STYLE = Automatic;
				DEVELOPMENT_TEAM = Q666HR669V;
				INFOPLIST_FILE = "Test game/Info.plist";
				LD_RUNPATH_SEARCH_PATHS = (
					"$(inherited)",
					"@executable_path/Frameworks",
				);
				PRODUCT_BUNDLE_IDENTIFIER = "Test-game.Test-game";
				PRODUCT_NAME = "$(TARGET_NAME)";
				SWIFT_VERSION = 5.0;
				TARGETED_DEVICE_FAMILY = "1,2";
			};
			name = Debug;
		};
		84DAEB5C22C6B2D1006450DF /* Release */ = {
			isa = XCBuildConfiguration;
			buildSettings = {
				ASSETCATALOG_COMPILER_APPICON_NAME = AppIcon;
				CODE_SIGN_STYLE = Automatic;
				DEVELOPMENT_TEAM = Q666HR669V;
				INFOPLIST_FILE = "Test game/Info.plist";
				LD_RUNPATH_SEARCH_PATHS = (
					"$(inherited)",
					"@executable_path/Frameworks",
				);
				PRODUCT_BUNDLE_IDENTIFIER = "Test-game.Test-game";
				PRODUCT_NAME = "$(TARGET_NAME)";
				SWIFT_VERSION = 5.0;
				TARGETED_DEVICE_FAMILY = "1,2";
			};
			name = Release;
		};
		84DAEB5E22C6B2D1006450DF /* Debug */ = {
			isa = XCBuildConfiguration;
			buildSettings = {
				ALWAYS_EMBED_SWIFT_STANDARD_LIBRARIES = YES;
				BUNDLE_LOADER = "$(TEST_HOST)";
				CODE_SIGN_STYLE = Automatic;
				DEVELOPMENT_TEAM = Q666HR669V;
				INFOPLIST_FILE = "Test gameTests/Info.plist";
				LD_RUNPATH_SEARCH_PATHS = (
					"$(inherited)",
					"@executable_path/Frameworks",
					"@loader_path/Frameworks",
				);
				PRODUCT_BUNDLE_IDENTIFIER = "Test-game.Test-gameTests";
				PRODUCT_NAME = "$(TARGET_NAME)";
				SWIFT_VERSION = 5.0;
				TARGETED_DEVICE_FAMILY = "1,2";
				TEST_HOST = "$(BUILT_PRODUCTS_DIR)/Test game.app/Test game";
			};
			name = Debug;
		};
		84DAEB5F22C6B2D1006450DF /* Release */ = {
			isa = XCBuildConfiguration;
			buildSettings = {
				ALWAYS_EMBED_SWIFT_STANDARD_LIBRARIES = YES;
				BUNDLE_LOADER = "$(TEST_HOST)";
				CODE_SIGN_STYLE = Automatic;
				DEVELOPMENT_TEAM = Q666HR669V;
				INFOPLIST_FILE = "Test gameTests/Info.plist";
				LD_RUNPATH_SEARCH_PATHS = (
					"$(inherited)",
					"@executable_path/Frameworks",
					"@loader_path/Frameworks",
				);
				PRODUCT_BUNDLE_IDENTIFIER = "Test-game.Test-gameTests";
				PRODUCT_NAME = "$(TARGET_NAME)";
				SWIFT_VERSION = 5.0;
				TARGETED_DEVICE_FAMILY = "1,2";
				TEST_HOST = "$(BUILT_PRODUCTS_DIR)/Test game.app/Test game";
			};
			name = Release;
		};
		84DAEB6122C6B2D1006450DF /* Debug */ = {
			isa = XCBuildConfiguration;
			buildSettings = {
				ALWAYS_EMBED_SWIFT_STANDARD_LIBRARIES = YES;
				CODE_SIGN_STYLE = Automatic;
				DEVELOPMENT_TEAM = Q666HR669V;
				INFOPLIST_FILE = "Test gameUITests/Info.plist";
				LD_RUNPATH_SEARCH_PATHS = (
					"$(inherited)",
					"@executable_path/Frameworks",
					"@loader_path/Frameworks",
				);
				PRODUCT_BUNDLE_IDENTIFIER = "Test-game.Test-gameUITests";
				PRODUCT_NAME = "$(TARGET_NAME)";
				SWIFT_VERSION = 5.0;
				TARGETED_DEVICE_FAMILY = "1,2";
				TEST_TARGET_NAME = "Test game";
			};
			name = Debug;
		};
		84DAEB6222C6B2D1006450DF /* Release */ = {
			isa = XCBuildConfiguration;
			buildSettings = {
				ALWAYS_EMBED_SWIFT_STANDARD_LIBRARIES = YES;
				CODE_SIGN_STYLE = Automatic;
				DEVELOPMENT_TEAM = Q666HR669V;
				INFOPLIST_FILE = "Test gameUITests/Info.plist";
				LD_RUNPATH_SEARCH_PATHS = (
					"$(inherited)",
					"@executable_path/Frameworks",
					"@loader_path/Frameworks",
				);
				PRODUCT_BUNDLE_IDENTIFIER = "Test-game.Test-gameUITests";
				PRODUCT_NAME = "$(TARGET_NAME)";
				SWIFT_VERSION = 5.0;
				TARGETED_DEVICE_FAMILY = "1,2";
				TEST_TARGET_NAME = "Test game";
			};
			name = Release;
		};
/* End XCBuildConfiguration section */

/* Begin XCConfigurationList section */
		84DAEB2722C6B2CB006450DF /* Build configuration list for PBXProject "Test game" */ = {
			isa = XCConfigurationList;
			buildConfigurations = (
				84DAEB5822C6B2D1006450DF /* Debug */,
				84DAEB5922C6B2D1006450DF /* Release */,
			);
			defaultConfigurationIsVisible = 0;
			defaultConfigurationName = Release;
		};
		84DAEB5A22C6B2D1006450DF /* Build configuration list for PBXNativeTarget "Test game" */ = {
			isa = XCConfigurationList;
			buildConfigurations = (
				84DAEB5B22C6B2D1006450DF /* Debug */,
				84DAEB5C22C6B2D1006450DF /* Release */,
			);
			defaultConfigurationIsVisible = 0;
			defaultConfigurationName = Release;
		};
		84DAEB5D22C6B2D1006450DF /* Build configuration list for PBXNativeTarget "Test gameTests" */ = {
			isa = XCConfigurationList;
			buildConfigurations = (
				84DAEB5E22C6B2D1006450DF /* Debug */,
				84DAEB5F22C6B2D1006450DF /* Release */,
			);
			defaultConfigurationIsVisible = 0;
			defaultConfigurationName = Release;
		};
		84DAEB6022C6B2D1006450DF /* Build configuration list for PBXNativeTarget "Test gameUITests" */ = {
			isa = XCConfigurationList;
			buildConfigurations = (
				84DAEB6122C6B2D1006450DF /* Debug */,
				84DAEB6222C6B2D1006450DF /* Release */,
			);
			defaultConfigurationIsVisible = 0;
			defaultConfigurationName = Release;
		};
/* End XCConfigurationList section */
	};
	rootObject = 84DAEB2422C6B2CB006450DF /* Project object */;
}
